PODS:
  - Cartography (3.0.2)
  - Malert (2.0):
    - Cartography (~> 3.0)

DEPENDENCIES:
  - Malert (from `../`)

SPEC REPOS:
  https://github.com/cocoapods/specs.git:
    - Cartography

EXTERNAL SOURCES:
  Malert:
    :path: "../"

SPEC CHECKSUMS:
  Cartography: 231190d7d0b3107ce8d67c54189f059a509b3760
  Malert: 7fb435b09230ab303da40a6d5342f0052b54822d

PODFILE CHECKSUM: 74b915e073dcad13b9ddf42484d1b22ace7e65e4

COCOAPODS: 1.5.2
